// !$*UTF8*$!
{
	archiveVersion = 1;
	classes = {
	};
	objectVersion = 56;
	objects = {

/* Begin PBXBuildFile section */
		015BB8F22A8B968500B0F004 /* AppDelegate.swift in Sources */ = {isa = PBXBuildFile; fileRef = 015BB8F12A8B968500B0F004 /* AppDelegate.swift */; };
		015BB8F42A8B968500B0F004 /* SceneDelegate.swift in Sources */ = {isa = PBXBuildFile; fileRef = 015BB8F32A8B968500B0F004 /* SceneDelegate.swift */; };
		015BB8F62A8B968500B0F004 /* ViewController.swift in Sources */ = {isa = PBXBuildFile; fileRef = 015BB8F52A8B968500B0F004 /* ViewController.swift */; };
		015BB8FB2A8B968800B0F004 /* Assets.xcassets in Resources */ = {isa = PBXBuildFile; fileRef = 015BB8FA2A8B968800B0F004 /* Assets.xcassets */; };
		015BB8FE2A8B968800B0F004 /* LaunchScreen.storyboard in Resources */ = {isa = PBXBuildFile; fileRef = 015BB8FC2A8B968800B0F004 /* LaunchScreen.storyboard */; };
		015BB9062A8BA2E400B0F004 /* RegisterViewController.swift in Sources */ = {isa = PBXBuildFile; fileRef = 015BB9052A8BA2E400B0F004 /* RegisterViewController.swift */; };
		015BB9082A8BC16000B0F004 /* ForgotPasswordViewController.swift in Sources */ = {isa = PBXBuildFile; fileRef = 015BB9072A8BC16000B0F004 /* ForgotPasswordViewController.swift */; };
		015BB90B2A8F4E3000B0F004 /* MakerView.swift in Sources */ = {isa = PBXBuildFile; fileRef = 015BB90A2A8F4E3000B0F004 /* MakerView.swift */; };
		015BB90D2A8F59D000B0F004 /* Constants.swift in Sources */ = {isa = PBXBuildFile; fileRef = 015BB90C2A8F59D000B0F004 /* Constants.swift */; };
/* End PBXBuildFile section */

/* Begin PBXFileReference section */
		015BB8EE2A8B968500B0F004 /* dz6(test)_anchors.app */ = {isa = PBXFileReference; explicitFileType = wrapper.application; includeInIndex = 0; path = "dz6(test)_anchors.app"; sourceTree = BUILT_PRODUCTS_DIR; };
		015BB8F12A8B968500B0F004 /* AppDelegate.swift */ = {isa = PBXFileReference; lastKnownFileType = sourcecode.swift; path = AppDelegate.swift; sourceTree = "<group>"; };
		015BB8F32A8B968500B0F004 /* SceneDelegate.swift */ = {isa = PBXFileReference; lastKnownFileType = sourcecode.swift; path = SceneDelegate.swift; sourceTree = "<group>"; };
		015BB8F52A8B968500B0F004 /* ViewController.swift */ = {isa = PBXFileReference; lastKnownFileType = sourcecode.swift; path = ViewController.swift; sourceTree = "<group>"; };
		015BB8FA2A8B968800B0F004 /* Assets.xcassets */ = {isa = PBXFileReference; lastKnownFileType = folder.assetcatalog; path = Assets.xcassets; sourceTree = "<group>"; };
		015BB8FD2A8B968800B0F004 /* Base */ = {isa = PBXFileReference; lastKnownFileType = file.storyboard; name = Base; path = Base.lproj/LaunchScreen.storyboard; sourceTree = "<group>"; };
		015BB8FF2A8B968800B0F004 /* Info.plist */ = {isa = PBXFileReference; lastKnownFileType = text.plist.xml; path = Info.plist; sourceTree = "<group>"; };
		015BB9052A8BA2E400B0F004 /* RegisterViewController.swift */ = {isa = PBXFileReference; lastKnownFileType = sourcecode.swift; path = RegisterViewController.swift; sourceTree = "<group>"; };
		015BB9072A8BC16000B0F004 /* ForgotPasswordViewController.swift */ = {isa = PBXFileReference; lastKnownFileType = sourcecode.swift; path = ForgotPasswordViewController.swift; sourceTree = "<group>"; };
		015BB90A2A8F4E3000B0F004 /* MakerView.swift */ = {isa = PBXFileReference; lastKnownFileType = sourcecode.swift; path = MakerView.swift; sourceTree = "<group>"; };
		015BB90C2A8F59D000B0F004 /* Constants.swift */ = {isa = PBXFileReference; lastKnownFileType = sourcecode.swift; path = Constants.swift; sourceTree = "<group>"; };
/* End PBXFileReference section */

/* Begin PBXFrameworksBuildPhase section */
		015BB8EB2A8B968500B0F004 /* Frameworks */ = {
			isa = PBXFrameworksBuildPhase;
			buildActionMask = 2147483647;
			files = (
			);
			runOnlyForDeploymentPostprocessing = 0;
		};
/* End PBXFrameworksBuildPhase section */

/* Begin PBXGroup section */
		015BB8E52A8B968500B0F004 = {
			isa = PBXGroup;
			children = (
				015BB8F02A8B968500B0F004 /* dz6(test)_anchors */,
				015BB8EF2A8B968500B0F004 /* Products */,
			);
			sourceTree = "<group>";
		};
		015BB8EF2A8B968500B0F004 /* Products */ = {
			isa = PBXGroup;
			children = (
				015BB8EE2A8B968500B0F004 /* dz6(test)_anchors.app */,
			);
			name = Products;
			sourceTree = "<group>";
		};
		015BB8F02A8B968500B0F004 /* dz6(test)_anchors */ = {
			isa = PBXGroup;
			children = (
				015BB9092A8F4DF500B0F004 /* Helper */,
				015BB8F12A8B968500B0F004 /* AppDelegate.swift */,
				015BB8F32A8B968500B0F004 /* SceneDelegate.swift */,
				015BB8F52A8B968500B0F004 /* ViewController.swift */,
				015BB8FA2A8B968800B0F004 /* Assets.xcassets */,
				015BB8FC2A8B968800B0F004 /* LaunchScreen.storyboard */,
				015BB8FF2A8B968800B0F004 /* Info.plist */,
				015BB9052A8BA2E400B0F004 /* RegisterViewController.swift */,
				015BB9072A8BC16000B0F004 /* ForgotPasswordViewController.swift */,
			);
			path = "dz6(test)_anchors";
			sourceTree = "<group>";
		};
		015BB9092A8F4DF500B0F004 /* Helper */ = {
			isa = PBXGroup;
			children = (
				015BB90A2A8F4E3000B0F004 /* MakerView.swift */,
				015BB90C2A8F59D000B0F004 /* Constants.swift */,
			);
			path = Helper;
			sourceTree = "<group>";
		};
/* End PBXGroup section */

/* Begin PBXNativeTarget section */
		015BB8ED2A8B968500B0F004 /* dz6(test)_anchors */ = {
			isa = PBXNativeTarget;
			buildConfigurationList = 015BB9022A8B968800B0F004 /* Build configuration list for PBXNativeTarget "dz6(test)_anchors" */;
			buildPhases = (
				015BB8EA2A8B968500B0F004 /* Sources */,
				015BB8EB2A8B968500B0F004 /* Frameworks */,
				015BB8EC2A8B968500B0F004 /* Resources */,
			);
			buildRules = (
			);
			dependencies = (
			);
			name = "dz6(test)_anchors";
			productName = "dz6(test)_anchors";
			productReference = 015BB8EE2A8B968500B0F004 /* dz6(test)_anchors.app */;
			productType = "com.apple.product-type.application";
		};
/* End PBXNativeTarget section */

/* Begin PBXProject section */
		015BB8E62A8B968500B0F004 /* Project object */ = {
			isa = PBXProject;
			attributes = {
				BuildIndependentTargetsInParallel = 1;
				LastSwiftUpdateCheck = 1410;
				LastUpgradeCheck = 1410;
				TargetAttributes = {
					015BB8ED2A8B968500B0F004 = {
						CreatedOnToolsVersion = 14.1;
					};
				};
			};
			buildConfigurationList = 015BB8E92A8B968500B0F004 /* Build configuration list for PBXProject "dz6(test)_anchors" */;
			compatibilityVersion = "Xcode 14.0";
			developmentRegion = en;
			hasScannedForEncodings = 0;
			knownRegions = (
				en,
				Base,
			);
			mainGroup = 015BB8E52A8B968500B0F004;
			productRefGroup = 015BB8EF2A8B968500B0F004 /* Products */;
			projectDirPath = "";
			projectRoot = "";
			targets = (
				015BB8ED2A8B968500B0F004 /* dz6(test)_anchors */,
			);
		};
/* End PBXProject section */

/* Begin PBXResourcesBuildPhase section */
		015BB8EC2A8B968500B0F004 /* Resources */ = {
			isa = PBXResourcesBuildPhase;
			buildActionMask = 2147483647;
			files = (
				015BB8FE2A8B968800B0F004 /* LaunchScreen.storyboard in Resources */,
				015BB8FB2A8B968800B0F004 /* Assets.xcassets in Resources */,
			);
			runOnlyForDeploymentPostprocessing = 0;
		};
/* End PBXResourcesBuildPhase section */

/* Begin PBXSourcesBuildPhase section */
		015BB8EA2A8B968500B0F004 /* Sources */ = {
			isa = PBXSourcesBuildPhase;
			buildActionMask = 2147483647;
			files = (
				015BB8F62A8B968500B0F004 /* ViewController.swift in Sources */,
				015BB90B2A8F4E3000B0F004 /* MakerView.swift in Sources */,
				015BB9082A8BC16000B0F004 /* ForgotPasswordViewController.swift in Sources */,
				015BB8F22A8B968500B0F004 /* AppDelegate.swift in Sources */,
				015BB90D2A8F59D000B0F004 /* Constants.swift in Sources */,
				015BB8F42A8B968500B0F004 /* SceneDelegate.swift in Sources */,
				015BB9062A8BA2E400B0F004 /* RegisterViewController.swift in Sources */,
			);
			runOnlyForDeploymentPostprocessing = 0;
		};
/* End PBXSourcesBuildPhase section */

/* Begin PBXVariantGroup section */
		015BB8FC2A8B968800B0F004 /* LaunchScreen.storyboard */ = {
			isa = PBXVariantGroup;
			children = (
				015BB8FD2A8B968800B0F004 /* Base */,
			);
			name = LaunchScreen.storyboard;
			sourceTree = "<group>";
		};
/* End PBXVariantGroup section */

/* Begin XCBuildConfiguration section */
		015BB9002A8B968800B0F004 /* Debug */ = {
			isa = XCBuildConfiguration;
			buildSettings = {
				ALWAYS_SEARCH_USER_PATHS = NO;
				CLANG_ANALYZER_NONNULL = YES;
				CLANG_ANALYZER_NUMBER_OBJECT_CONVERSION = YES_AGGRESSIVE;
				CLANG_CXX_LANGUAGE_STANDARD = "gnu++20";
				CLANG_ENABLE_MODULES = YES;
				CLANG_ENABLE_OBJC_ARC = YES;
				CLANG_ENABLE_OBJC_WEAK = YES;
				CLANG_WARN_BLOCK_CAPTURE_AUTORELEASING = YES;
				CLANG_WARN_BOOL_CONVERSION = YES;
				CLANG_WARN_COMMA = YES;
				CLANG_WARN_CONSTANT_CONVERSION = YES;
				CLANG_WARN_DEPRECATED_OBJC_IMPLEMENTATIONS = YES;
				CLANG_WARN_DIRECT_OBJC_ISA_USAGE = YES_ERROR;
				CLANG_WARN_DOCUMENTATION_COMMENTS = YES;
				CLANG_WARN_EMPTY_BODY = YES;
				CLANG_WARN_ENUM_CONVERSION = YES;
				CLANG_WARN_INFINITE_RECURSION = YES;
				CLANG_WARN_INT_CONVERSION = YES;
				CLANG_WARN_NON_LITERAL_NULL_CONVERSION = YES;
				CLANG_WARN_OBJC_IMPLICIT_RETAIN_SELF = YES;
				CLANG_WARN_OBJC_LITERAL_CONVERSION = YES;
				CLANG_WARN_OBJC_ROOT_CLASS = YES_ERROR;
				CLANG_WARN_QUOTED_INCLUDE_IN_FRAMEWORK_HEADER = YES;
				CLANG_WARN_RANGE_LOOP_ANALYSIS = YES;
				CLANG_WARN_STRICT_PROTOTYPES = YES;
				CLANG_WARN_SUSPICIOUS_MOVE = YES;
				CLANG_WARN_UNGUARDED_AVAILABILITY = YES_AGGRESSIVE;
				CLANG_WARN_UNREACHABLE_CODE = YES;
				CLANG_WARN__DUPLICATE_METHOD_MATCH = YES;
				COPY_PHASE_STRIP = NO;
				DEBUG_INFORMATION_FORMAT = dwarf;
				ENABLE_STRICT_OBJC_MSGSEND = YES;
				ENABLE_TESTABILITY = YES;
				GCC_C_LANGUAGE_STANDARD = gnu11;
				GCC_DYNAMIC_NO_PIC = NO;
				GCC_NO_COMMON_BLOCKS = YES;
				GCC_OPTIMIZATION_LEVEL = 0;
				GCC_PREPROCESSOR_DEFINITIONS = (
					"DEBUG=1",
					"$(inherited)",
				);
				GCC_WARN_64_TO_32_BIT_CONVERSION = YES;
				GCC_WARN_ABOUT_RETURN_TYPE = YES_ERROR;
				GCC_WARN_UNDECLARED_SELECTOR = YES;
				GCC_WARN_UNINITIALIZED_AUTOS = YES_AGGRESSIVE;
				GCC_WARN_UNUSED_FUNCTION = YES;
				GCC_WARN_UNUSED_VARIABLE = YES;
				IPHONEOS_DEPLOYMENT_TARGET = 16.1;
				MTL_ENABLE_DEBUG_INFO = INCLUDE_SOURCE;
				MTL_FAST_MATH = YES;
				ONLY_ACTIVE_ARCH = YES;
				SDKROOT = iphoneos;
				SWIFT_ACTIVE_COMPILATION_CONDITIONS = DEBUG;
				SWIFT_OPTIMIZATION_LEVEL = "-Onone";
			};
			name = Debug;
		};
		015BB9012A8B968800B0F004 /* Release */ = {
			isa = XCBuildConfiguration;
			buildSettings = {
				ALWAYS_SEARCH_USER_PATHS = NO;
				CLANG_ANALYZER_NONNULL = YES;
				CLANG_ANALYZER_NUMBER_OBJECT_CONVERSION = YES_AGGRESSIVE;
				CLANG_CXX_LANGUAGE_STANDARD = "gnu++20";
				CLANG_ENABLE_MODULES = YES;
				CLANG_ENABLE_OBJC_ARC = YES;
				CLANG_ENABLE_OBJC_WEAK = YES;
				CLANG_WARN_BLOCK_CAPTURE_AUTORELEASING = YES;
				CLANG_WARN_BOOL_CONVERSION = YES;
				CLANG_WARN_COMMA = YES;
				CLANG_WARN_CONSTANT_CONVERSION = YES;
				CLANG_WARN_DEPRECATED_OBJC_IMPLEMENTATIONS = YES;
				CLANG_WARN_DIRECT_OBJC_ISA_USAGE = YES_ERROR;
				CLANG_WARN_DOCUMENTATION_COMMENTS = YES;
				CLANG_WARN_EMPTY_BODY = YES;
				CLANG_WARN_ENUM_CONVERSION = YES;
				CLANG_WARN_INFINITE_RECURSION = YES;
				CLANG_WARN_INT_CONVERSION = YES;
				CLANG_WARN_NON_LITERAL_NULL_CONVERSION = YES;
				CLANG_WARN_OBJC_IMPLICIT_RETAIN_SELF = YES;
				CLANG_WARN_OBJC_LITERAL_CONVERSION = YES;
				CLANG_WARN_OBJC_ROOT_CLASS = YES_ERROR;
				CLANG_WARN_QUOTED_INCLUDE_IN_FRAMEWORK_HEADER = YES;
				CLANG_WARN_RANGE_LOOP_ANALYSIS = YES;
				CLANG_WARN_STRICT_PROTOTYPES = YES;
				CLANG_WARN_SUSPICIOUS_MOVE = YES;
				CLANG_WARN_UNGUARDED_AVAILABILITY = YES_AGGRESSIVE;
				CLANG_WARN_UNREACHABLE_CODE = YES;
				CLANG_WARN__DUPLICATE_METHOD_MATCH = YES;
				COPY_PHASE_STRIP = NO;
				DEBUG_INFORMATION_FORMAT = "dwarf-with-dsym";
				ENABLE_NS_ASSERTIONS = NO;
				ENABLE_STRICT_OBJC_MSGSEND = YES;
				GCC_C_LANGUAGE_STANDARD = gnu11;
				GCC_NO_COMMON_BLOCKS = YES;
				GCC_WARN_64_TO_32_BIT_CONVERSION = YES;
				GCC_WARN_ABOUT_RETURN_TYPE = YES_ERROR;
				GCC_WARN_UNDECLARED_SELECTOR = YES;
				GCC_WARN_UNINITIALIZED_AUTOS = YES_AGGRESSIVE;
				GCC_WARN_UNUSED_FUNCTION = YES;
				GCC_WARN_UNUSED_VARIABLE = YES;
				IPHONEOS_DEPLOYMENT_TARGET = 16.1;
				MTL_ENABLE_DEBUG_INFO = NO;
				MTL_FAST_MATH = YES;
				SDKROOT = iphoneos;
				SWIFT_COMPILATION_MODE = wholemodule;
				SWIFT_OPTIMIZATION_LEVEL = "-O";
				VALIDATE_PRODUCT = YES;
			};
			name = Release;
		};
		015BB9032A8B968800B0F004 /* Debug */ = {
			isa = XCBuildConfiguration;
			buildSettings = {
				ASSETCATALOG_COMPILER_APPICON_NAME = AppIcon;
				ASSETCATALOG_COMPILER_GLOBAL_ACCENT_COLOR_NAME = AccentColor;
				CODE_SIGN_STYLE = Automatic;
				CURRENT_PROJECT_VERSION = 1;
				DEVELOPMENT_TEAM = 8P52HZWYBV;
				GENERATE_INFOPLIST_FILE = YES;
				INFOPLIST_FILE = "dz6(test)_anchors/Info.plist";
				INFOPLIST_KEY_UIApplicationSupportsIndirectInputEvents = YES;
				INFOPLIST_KEY_UILaunchStoryboardName = LaunchScreen;
				INFOPLIST_KEY_UISupportedInterfaceOrientations_iPad = "UIInterfaceOrientationPortrait UIInterfaceOrientationPortraitUpsideDown UIInterfaceOrientationLandscapeLeft UIInterfaceOrientationLandscapeRight";
				INFOPLIST_KEY_UISupportedInterfaceOrientations_iPhone = "UIInterfaceOrientationPortrait UIInterfaceOrientationLandscapeLeft UIInterfaceOrientationLandscapeRight";
				LD_RUNPATH_SEARCH_PATHS = (
					"$(inherited)",
					"@executable_path/Frameworks",
				);
				MARKETING_VERSION = 1.0;
				PRODUCT_BUNDLE_IDENTIFIER = "elizaveta.serykh.dz6-test--anchors";
				PRODUCT_NAME = "$(TARGET_NAME)";
				SWIFT_EMIT_LOC_STRINGS = YES;
				SWIFT_VERSION = 5.0;
				TARGETED_DEVICE_FAMILY = "1,2";
			};
			name = Debug;
		};
		015BB9042A8B968800B0F004 /* Release */ = {
			isa = XCBuildConfiguration;
			buildSettings = {
				ASSETCATALOG_COMPILER_APPICON_NAME = AppIcon;
				ASSETCATALOG_COMPILER_GLOBAL_ACCENT_COLOR_NAME = AccentColor;
				CODE_SIGN_STYLE = Automatic;
				CURRENT_PROJECT_VERSION = 1;
				DEVELOPMENT_TEAM = 8P52HZWYBV;
				GENERATE_INFOPLIST_FILE = YES;
				INFOPLIST_FILE = "dz6(test)_anchors/Info.plist";
				INFOPLIST_KEY_UIApplicationSupportsIndirectInputEvents = YES;
				INFOPLIST_KEY_UILaunchStoryboardName = LaunchScreen;
				INFOPLIST_KEY_UISupportedInterfaceOrientations_iPad = "UIInterfaceOrientationPortrait UIInterfaceOrientationPortraitUpsideDown UIInterfaceOrientationLandscapeLeft UIInterfaceOrientationLandscapeRight";
				INFOPLIST_KEY_UISupportedInterfaceOrientations_iPhone = "UIInterfaceOrientationPortrait UIInterfaceOrientationLandscapeLeft UIInterfaceOrientationLandscapeRight";
				LD_RUNPATH_SEARCH_PATHS = (
					"$(inherited)",
					"@executable_path/Frameworks",
				);
				MARKETING_VERSION = 1.0;
				PRODUCT_BUNDLE_IDENTIFIER = "elizaveta.serykh.dz6-test--anchors";
				PRODUCT_NAME = "$(TARGET_NAME)";
				SWIFT_EMIT_LOC_STRINGS = YES;
				SWIFT_VERSION = 5.0;
				TARGETED_DEVICE_FAMILY = "1,2";
			};
			name = Release;
		};
/* End XCBuildConfiguration section */

/* Begin XCConfigurationList section */
		015BB8E92A8B968500B0F004 /* Build configuration list for PBXProject "dz6(test)_anchors" */ = {
			isa = XCConfigurationList;
			buildConfigurations = (
				015BB9002A8B968800B0F004 /* Debug */,
				015BB9012A8B968800B0F004 /* Release */,
			);
			defaultConfigurationIsVisible = 0;
			defaultConfigurationName = Release;
		};
		015BB9022A8B968800B0F004 /* Build configuration list for PBXNativeTarget "dz6(test)_anchors" */ = {
			isa = XCConfigurationList;
			buildConfigurations = (
				015BB9032A8B968800B0F004 /* Debug */,
				015BB9042A8B968800B0F004 /* Release */,
			);
			defaultConfigurationIsVisible = 0;
			defaultConfigurationName = Release;
		};
/* End XCConfigurationList section */
	};
	rootObject = 015BB8E62A8B968500B0F004 /* Project object */;
}
